
Microsoft Visual Studio Solution File, Format Version 12.00
# Visual Studio 2013
VisualStudioVersion = 12.0.31101.0
MinimumVisualStudioVersion = 10.0.40219.1
Project("{FAE04EC0-301F-11D3-BF4B-00C04F79EFBC}") = "MDB.WEB", "MDB.WEB\MDB.WEB.csproj", "{8AB98506-E20B-4124-BC2D-C2DC03BD4130}"
EndProject
Project("{2150E333-8FDC-42A3-9474-1A3956D46DE8}") = "PublishScripts", "PublishScripts", "{FD704C20-7BE5-43D8-A8AD-323DB074AB7E}"
	ProjectSection(SolutionItems) = preProject
		PublishScripts\AzureWebsitePublishModule.psm1 = PublishScripts\AzureWebsitePublishModule.psm1
		PublishScripts\Publish-WebApplicationWebsite.ps1 = PublishScripts\Publish-WebApplicationWebsite.ps1
	EndProjectSection
EndProject
Project("{2150E333-8FDC-42A3-9474-1A3956D46DE8}") = "Configurations", "Configurations", "{7CA7601F-D00A-4ECC-969A-ABE58F392709}"
	ProjectSection(SolutionItems) = preProject
		PublishScripts\Configurations\MDBWEB-WAWS-dev.json = PublishScripts\Configurations\MDBWEB-WAWS-dev.json
	EndProjectSection
EndProject
Project("{2150E333-8FDC-42A3-9474-1A3956D46DE8}") = ".nuget", ".nuget", "{CE3DF1D1-5B75-45B0-9876-CA407C48F826}"
	ProjectSection(SolutionItems) = preProject
		.nuget\packages.config = .nuget\packages.config
	EndProjectSection
EndProject
Global
	GlobalSection(SolutionConfigurationPlatforms) = preSolution
		Debug|Any CPU = Debug|Any CPU
		Release|Any CPU = Release|Any CPU
	EndGlobalSection
	GlobalSection(ProjectConfigurationPlatforms) = postSolution
		{8AB98506-E20B-4124-BC2D-C2DC03BD4130}.Debug|Any CPU.ActiveCfg = Debug|Any CPU
		{8AB98506-E20B-4124-BC2D-C2DC03BD4130}.Debug|Any CPU.Build.0 = Debug|Any CPU
		{8AB98506-E20B-4124-BC2D-C2DC03BD4130}.Release|Any CPU.ActiveCfg = Release|Any CPU
		{8AB98506-E20B-4124-BC2D-C2DC03BD4130}.Release|Any CPU.Build.0 = Release|Any CPU
	EndGlobalSection
	GlobalSection(SolutionProperties) = preSolution
		HideSolutionNode = FALSE
	EndGlobalSection
	GlobalSection(NestedProjects) = preSolution
		{7CA7601F-D00A-4ECC-969A-ABE58F392709} = {FD704C20-7BE5-43D8-A8AD-323DB074AB7E}
	EndGlobalSection
EndGlobal
